{
  "name": "bihar-fm-server",
  "lockfileVersion": 3,
  "requires": true,
  "packages": {
    "": {
      "name": "bihar-fm-server",
      "version": "1.0.0",
      "license": "MIT",
      "dependencies": {
        "express": "^4.21.2",
        "ws": "^8.18.3",
        "cors": "^2.8.5"
      }
    },
    "node_modules/express": {
      "version": "4.21.2",
      "resolved": "https://registry.npmjs.org/express/-/express-4.21.2.tgz",
      "integrity": "sha512-6HhK3UODCqGTLn4vn/kUll6blcnKcxEowcCDb2djC0x2mlm0sRuOThhSHRnyu9MgxybIdQ1xKvJixyflHX3h3A=="
    },
    "node_modules/ws": {
      "version": "8.18.3",
      "resolved": "https://registry.npmjs.org/ws/-/ws-8.18.3.tgz",
      "integrity": "sha512-bU1i3b4sQ1wrXZxJmWc1HcD7+CBXNo77M9uY2pSC3VgkGEa5KSLQeTCxI5U41Z+Qzh/czAcWWn1Gqz3pH2RFIQ=="
    },
    "node_modules/cors": {
      "version": "2.8.5",
      "resolved": "https://registry.npmjs.org/cors/-/cors-2.8.5.tgz",
      "integrity": "sha512-KLUg3fSh7oZJX7MAn3jxX7cF2Gv2ukZ+ku9z9/jK5vjK8aKyUpSOF6VtgQuRBM+5YoFtyid3f1OJL1x3Rz9BfA=="
    }
  }
}
